GEM
  remote: https://rubygems.org/
  specs:
    kgio (2.11.0)
    mustermann (2.0.2)
      ruby2_keywords (~> 0.0.1)
    rack (2.2.6.4)
    rack-protection (2.2.3)
      rack
    raindrops (0.18.0)
    ruby2_keywords (0.0.5)
    sinatra (2.2.3)
      mustermann (~> 2.0)
      rack (~> 2.2)
      rack-protection (= 2.2.3)
      tilt (~> 2.0)
    tilt (2.1.0)
    unicorn (5.3.0)
      kgio (~> 2.6)
      raindrops (~> 0.7)

PLATFORMS
  ruby

DEPENDENCIES
  rack (~> 2.2.6)
  sinatra (~> 2.2.3)
  unicorn

RUBY VERSION
   ruby 2.4.1p111

BUNDLED WITH
   1.15.4
